
Microsoft Visual Studio Solution File, Format Version 12.00
# Visual Studio 15
VisualStudioVersion = 15.0.28307.852
MinimumVisualStudioVersion = 10.0.40219.1
Project("{9A19103F-16F7-4668-BE54-9A1E7A4F7556}") = "sampleAppWithWindowsAuth", "sampleAppWithWindowsAuth.csproj", "{073331FF-BE58-4A76-A24C-63842EE41F49}"
EndProject
Global
	GlobalSection(SolutionConfigurationPlatforms) = preSolution
		Debug|Any CPU = Debug|Any CPU
		Release|Any CPU = Release|Any CPU
	EndGlobalSection
	GlobalSection(ProjectConfigurationPlatforms) = postSolution
		{073331FF-BE58-4A76-A24C-63842EE41F49}.Debug|Any CPU.ActiveCfg = Debug|Any CPU
		{073331FF-BE58-4A76-A24C-63842EE41F49}.Debug|Any CPU.Build.0 = Debug|Any CPU
		{073331FF-BE58-4A76-A24C-63842EE41F49}.Release|Any CPU.ActiveCfg = Release|Any CPU
		{073331FF-BE58-4A76-A24C-63842EE41F49}.Release|Any CPU.Build.0 = Release|Any CPU
	EndGlobalSection
	GlobalSection(SolutionProperties) = preSolution
		HideSolutionNode = FALSE
	EndGlobalSection
	GlobalSection(ExtensibilityGlobals) = postSolution
		SolutionGuid = {2B0EA552-4B67-4418-B0D8-96A8F9A8ADF7}
	EndGlobalSection
EndGlobal
